
Microsoft Visual Studio Solution File, Format Version 12.00
# Visual Studio 15
VisualStudioVersion = 15.0.27428.1
MinimumVisualStudioVersion = 10.0.40219.1
Project("{2150E333-8FDC-42A3-9474-1A3956D46DE8}") = "BackEnds", "BackEnds", "{1F8FCE4E-4CE7-4380-9337-081B73F3BBB7}"
EndProject
Project("{2150E333-8FDC-42A3-9474-1A3956D46DE8}") = "IdentityAndAccessRight", "IdentityAndAccessRight", "{1CA11E16-F4F5-4BBF-B39F-9471DB24A4AC}"
EndProject
Project("{2150E333-8FDC-42A3-9474-1A3956D46DE8}") = "FrontEnds", "FrontEnds", "{1B794D89-01BE-4EFD-8DDF-0B028F919B39}"
EndProject
Project("{9A19103F-16F7-4668-BE54-9A1E7A4F7556}") = "IdServer", "IdentityAndAccessRight\IdServer\IdServer.csproj", "{929FB9DA-D96A-400A-A3A4-1D1668598841}"
EndProject
Project("{9A19103F-16F7-4668-BE54-9A1E7A4F7556}") = "SampleMVCApp", "FrontEnds\SampleMVCApp\SampleMVCApp.csproj", "{BDD0396A-4DBC-4086-8BC3-FC7A58EF9CD1}"
EndProject
Project("{2150E333-8FDC-42A3-9474-1A3956D46DE8}") = "SampleService", "SampleService", "{EE33B401-6EE6-419A-B61F-F212A592F95C}"
EndProject
Project("{9A19103F-16F7-4668-BE54-9A1E7A4F7556}") = "SampleAPI", "BackEnds\SampleService\SampleAPI\SampleAPI.csproj", "{B3AFB86A-E8EC-4BBC-9BCC-2F71ABC6E2EE}"
EndProject
Project("{9A19103F-16F7-4668-BE54-9A1E7A4F7556}") = "IdServer.Infra", "IdentityAndAccessRight\IdServer.Infra\IdServer.Infra.csproj", "{05F26FCC-78D3-480D-B1E8-79B24EB20D76}"
EndProject
Project("{2150E333-8FDC-42A3-9474-1A3956D46DE8}") = "Common", "Common", "{C2F8BC74-3C84-41F8-8CBC-FB37146076E0}"
EndProject
Project("{9A19103F-16F7-4668-BE54-9A1E7A4F7556}") = "Constants", "Common\Constants\Constants.csproj", "{DBCA9957-8811-445D-8680-63D519F3CE9C}"
EndProject
Project("{FAE04EC0-301F-11D3-BF4B-00C04F79EFBC}") = "Infra", "Common\Infra\Infra.csproj", "{1AC74291-9913-4141-A8E2-C7ECD8EB4C57}"
EndProject
Global
	GlobalSection(SolutionConfigurationPlatforms) = preSolution
		Debug|Any CPU = Debug|Any CPU
		Release|Any CPU = Release|Any CPU
	EndGlobalSection
	GlobalSection(ProjectConfigurationPlatforms) = postSolution
		{929FB9DA-D96A-400A-A3A4-1D1668598841}.Debug|Any CPU.ActiveCfg = Debug|Any CPU
		{929FB9DA-D96A-400A-A3A4-1D1668598841}.Debug|Any CPU.Build.0 = Debug|Any CPU
		{929FB9DA-D96A-400A-A3A4-1D1668598841}.Release|Any CPU.ActiveCfg = Release|Any CPU
		{929FB9DA-D96A-400A-A3A4-1D1668598841}.Release|Any CPU.Build.0 = Release|Any CPU
		{BDD0396A-4DBC-4086-8BC3-FC7A58EF9CD1}.Debug|Any CPU.ActiveCfg = Debug|Any CPU
		{BDD0396A-4DBC-4086-8BC3-FC7A58EF9CD1}.Debug|Any CPU.Build.0 = Debug|Any CPU
		{BDD0396A-4DBC-4086-8BC3-FC7A58EF9CD1}.Release|Any CPU.ActiveCfg = Release|Any CPU
		{BDD0396A-4DBC-4086-8BC3-FC7A58EF9CD1}.Release|Any CPU.Build.0 = Release|Any CPU
		{B3AFB86A-E8EC-4BBC-9BCC-2F71ABC6E2EE}.Debug|Any CPU.ActiveCfg = Debug|Any CPU
		{B3AFB86A-E8EC-4BBC-9BCC-2F71ABC6E2EE}.Debug|Any CPU.Build.0 = Debug|Any CPU
		{B3AFB86A-E8EC-4BBC-9BCC-2F71ABC6E2EE}.Release|Any CPU.ActiveCfg = Release|Any CPU
		{B3AFB86A-E8EC-4BBC-9BCC-2F71ABC6E2EE}.Release|Any CPU.Build.0 = Release|Any CPU
		{05F26FCC-78D3-480D-B1E8-79B24EB20D76}.Debug|Any CPU.ActiveCfg = Debug|Any CPU
		{05F26FCC-78D3-480D-B1E8-79B24EB20D76}.Debug|Any CPU.Build.0 = Debug|Any CPU
		{05F26FCC-78D3-480D-B1E8-79B24EB20D76}.Release|Any CPU.ActiveCfg = Release|Any CPU
		{05F26FCC-78D3-480D-B1E8-79B24EB20D76}.Release|Any CPU.Build.0 = Release|Any CPU
		{DBCA9957-8811-445D-8680-63D519F3CE9C}.Debug|Any CPU.ActiveCfg = Debug|Any CPU
		{DBCA9957-8811-445D-8680-63D519F3CE9C}.Debug|Any CPU.Build.0 = Debug|Any CPU
		{DBCA9957-8811-445D-8680-63D519F3CE9C}.Release|Any CPU.ActiveCfg = Release|Any CPU
		{DBCA9957-8811-445D-8680-63D519F3CE9C}.Release|Any CPU.Build.0 = Release|Any CPU
		{1AC74291-9913-4141-A8E2-C7ECD8EB4C57}.Debug|Any CPU.ActiveCfg = Debug|Any CPU
		{1AC74291-9913-4141-A8E2-C7ECD8EB4C57}.Debug|Any CPU.Build.0 = Debug|Any CPU
		{1AC74291-9913-4141-A8E2-C7ECD8EB4C57}.Release|Any CPU.ActiveCfg = Release|Any CPU
		{1AC74291-9913-4141-A8E2-C7ECD8EB4C57}.Release|Any CPU.Build.0 = Release|Any CPU
	EndGlobalSection
	GlobalSection(SolutionProperties) = preSolution
		HideSolutionNode = FALSE
	EndGlobalSection
	GlobalSection(NestedProjects) = preSolution
		{929FB9DA-D96A-400A-A3A4-1D1668598841} = {1CA11E16-F4F5-4BBF-B39F-9471DB24A4AC}
		{BDD0396A-4DBC-4086-8BC3-FC7A58EF9CD1} = {1B794D89-01BE-4EFD-8DDF-0B028F919B39}
		{EE33B401-6EE6-419A-B61F-F212A592F95C} = {1F8FCE4E-4CE7-4380-9337-081B73F3BBB7}
		{B3AFB86A-E8EC-4BBC-9BCC-2F71ABC6E2EE} = {EE33B401-6EE6-419A-B61F-F212A592F95C}
		{05F26FCC-78D3-480D-B1E8-79B24EB20D76} = {1CA11E16-F4F5-4BBF-B39F-9471DB24A4AC}
		{DBCA9957-8811-445D-8680-63D519F3CE9C} = {C2F8BC74-3C84-41F8-8CBC-FB37146076E0}
		{1AC74291-9913-4141-A8E2-C7ECD8EB4C57} = {C2F8BC74-3C84-41F8-8CBC-FB37146076E0}
	EndGlobalSection
	GlobalSection(ExtensibilityGlobals) = postSolution
		SolutionGuid = {2FAEBAFD-062C-4BB8-B23F-DBB671D6258F}
	EndGlobalSection
EndGlobal
